// !$*UTF8*$!
{
	archiveVersion = 1;
	classes = {
	};
	objectVersion = 46;
	objects = {

/* Begin PBXBuildFile section */
		14BE71091BFEFF7300632AA3 /* main.m in Sources */ = {isa = PBXBuildFile; fileRef = 14BE71081BFEFF7300632AA3 /* main.m */; };
		14BE710C1BFEFF7300632AA3 /* AppDelegate.m in Sources */ = {isa = PBXBuildFile; fileRef = 14BE710B1BFEFF7300632AA3 /* AppDelegate.m */; };
		14BE710F1BFEFF7300632AA3 /* ViewController.m in Sources */ = {isa = PBXBuildFile; fileRef = 14BE710E1BFEFF7300632AA3 /* ViewController.m */; };
		14BE71121BFEFF7300632AA3 /* Main.storyboard in Resources */ = {isa = PBXBuildFile; fileRef = 14BE71101BFEFF7300632AA3 /* Main.storyboard */; };
		14BE71141BFEFF7400632AA3 /* Assets.xcassets in Resources */ = {isa = PBXBuildFile; fileRef = 14BE71131BFEFF7400632AA3 /* Assets.xcassets */; };
		14BE71171BFEFF7400632AA3 /* LaunchScreen.storyboard in Resources */ = {isa = PBXBuildFile; fileRef = 14BE71151BFEFF7400632AA3 /* LaunchScreen.storyboard */; };
		14BE71221BFEFF7400632AA3 /* ChangeCurrencyTests.m in Sources */ = {isa = PBXBuildFile; fileRef = 14BE71211BFEFF7400632AA3 /* ChangeCurrencyTests.m */; };
		14BE712D1BFEFF7400632AA3 /* ChangeCurrencyUITests.m in Sources */ = {isa = PBXBuildFile; fileRef = 14BE712C1BFEFF7400632AA3 /* ChangeCurrencyUITests.m */; };
		14BE713C1BFF027400632AA3 /* ChangeCurrency.m in Sources */ = {isa = PBXBuildFile; fileRef = 14BE713B1BFF027400632AA3 /* ChangeCurrency.m */; settings = {ASSET_TAGS = (); }; };
/* End PBXBuildFile section */

/* Begin PBXContainerItemProxy section */
		14BE711E1BFEFF7400632AA3 /* PBXContainerItemProxy */ = {
			isa = PBXContainerItemProxy;
			containerPortal = 14BE70FC1BFEFF7300632AA3 /* Project object */;
			proxyType = 1;
			remoteGlobalIDString = 14BE71031BFEFF7300632AA3;
			remoteInfo = ChangeCurrency;
		};
		14BE71291BFEFF7400632AA3 /* PBXContainerItemProxy */ = {
			isa = PBXContainerItemProxy;
			containerPortal = 14BE70FC1BFEFF7300632AA3 /* Project object */;
			proxyType = 1;
			remoteGlobalIDString = 14BE71031BFEFF7300632AA3;
			remoteInfo = ChangeCurrency;
		};
/* End PBXContainerItemProxy section */

/* Begin PBXFileReference section */
		14BE71041BFEFF7300632AA3 /* ChangeCurrency.app */ = {isa = PBXFileReference; explicitFileType = wrapper.application; includeInIndex = 0; path = ChangeCurrency.app; sourceTree = BUILT_PRODUCTS_DIR; };
		14BE71081BFEFF7300632AA3 /* main.m */ = {isa = PBXFileReference; lastKnownFileType = sourcecode.c.objc; path = main.m; sourceTree = "<group>"; };
		14BE710A1BFEFF7300632AA3 /* AppDelegate.h */ = {isa = PBXFileReference; lastKnownFileType = sourcecode.c.h; path = AppDelegate.h; sourceTree = "<group>"; };
		14BE710B1BFEFF7300632AA3 /* AppDelegate.m */ = {isa = PBXFileReference; lastKnownFileType = sourcecode.c.objc; path = AppDelegate.m; sourceTree = "<group>"; };
		14BE710D1BFEFF7300632AA3 /* ViewController.h */ = {isa = PBXFileReference; lastKnownFileType = sourcecode.c.h; path = ViewController.h; sourceTree = "<group>"; };
		14BE710E1BFEFF7300632AA3 /* ViewController.m */ = {isa = PBXFileReference; lastKnownFileType = sourcecode.c.objc; path = ViewController.m; sourceTree = "<group>"; };
		14BE71111BFEFF7300632AA3 /* Base */ = {isa = PBXFileReference; lastKnownFileType = file.storyboard; name = Base; path = Base.lproj/Main.storyboard; sourceTree = "<group>"; };
		14BE71131BFEFF7400632AA3 /* Assets.xcassets */ = {isa = PBXFileReference; lastKnownFileType = folder.assetcatalog; path = Assets.xcassets; sourceTree = "<group>"; };
		14BE71161BFEFF7400632AA3 /* Base */ = {isa = PBXFileReference; lastKnownFileType = file.storyboard; name = Base; path = Base.lproj/LaunchScreen.storyboard; sourceTree = "<group>"; };
		14BE71181BFEFF7400632AA3 /* Info.plist */ = {isa = PBXFileReference; lastKnownFileType = text.plist.xml; path = Info.plist; sourceTree = "<group>"; };
		14BE711D1BFEFF7400632AA3 /* ChangeCurrencyTests.xctest */ = {isa = PBXFileReference; explicitFileType = wrapper.cfbundle; includeInIndex = 0; path = ChangeCurrencyTests.xctest; sourceTree = BUILT_PRODUCTS_DIR; };
		14BE71211BFEFF7400632AA3 /* ChangeCurrencyTests.m */ = {isa = PBXFileReference; lastKnownFileType = sourcecode.c.objc; path = ChangeCurrencyTests.m; sourceTree = "<group>"; };
		14BE71231BFEFF7400632AA3 /* Info.plist */ = {isa = PBXFileReference; lastKnownFileType = text.plist.xml; path = Info.plist; sourceTree = "<group>"; };
		14BE71281BFEFF7400632AA3 /* ChangeCurrencyUITests.xctest */ = {isa = PBXFileReference; explicitFileType = wrapper.cfbundle; includeInIndex = 0; path = ChangeCurrencyUITests.xctest; sourceTree = BUILT_PRODUCTS_DIR; };
		14BE712C1BFEFF7400632AA3 /* ChangeCurrencyUITests.m */ = {isa = PBXFileReference; lastKnownFileType = sourcecode.c.objc; path = ChangeCurrencyUITests.m; sourceTree = "<group>"; };
		14BE712E1BFEFF7400632AA3 /* Info.plist */ = {isa = PBXFileReference; lastKnownFileType = text.plist.xml; path = Info.plist; sourceTree = "<group>"; };
		14BE713A1BFF027400632AA3 /* ChangeCurrency.h */ = {isa = PBXFileReference; fileEncoding = 4; lastKnownFileType = sourcecode.c.h; path = ChangeCurrency.h; sourceTree = "<group>"; };
		14BE713B1BFF027400632AA3 /* ChangeCurrency.m */ = {isa = PBXFileReference; fileEncoding = 4; lastKnownFileType = sourcecode.c.objc; path = ChangeCurrency.m; sourceTree = "<group>"; };
/* End PBXFileReference section */

/* Begin PBXFrameworksBuildPhase section */
		14BE71011BFEFF7300632AA3 /* Frameworks */ = {
			isa = PBXFrameworksBuildPhase;
			buildActionMask = 2147483647;
			files = (
			);
			runOnlyForDeploymentPostprocessing = 0;
		};
		14BE711A1BFEFF7400632AA3 /* Frameworks */ = {
			isa = PBXFrameworksBuildPhase;
			buildActionMask = 2147483647;
			files = (
			);
			runOnlyForDeploymentPostprocessing = 0;
		};
		14BE71251BFEFF7400632AA3 /* Frameworks */ = {
			isa = PBXFrameworksBuildPhase;
			buildActionMask = 2147483647;
			files = (
			);
			runOnlyForDeploymentPostprocessing = 0;
		};
/* End PBXFrameworksBuildPhase section */

/* Begin PBXGroup section */
		14BE70FB1BFEFF7300632AA3 = {
			isa = PBXGroup;
			children = (
				14BE71061BFEFF7300632AA3 /* ChangeCurrency */,
				14BE71201BFEFF7400632AA3 /* ChangeCurrencyTests */,
				14BE712B1BFEFF7400632AA3 /* ChangeCurrencyUITests */,
				14BE71051BFEFF7300632AA3 /* Products */,
			);
			sourceTree = "<group>";
		};
		14BE71051BFEFF7300632AA3 /* Products */ = {
			isa = PBXGroup;
			children = (
				14BE71041BFEFF7300632AA3 /* ChangeCurrency.app */,
				14BE711D1BFEFF7400632AA3 /* ChangeCurrencyTests.xctest */,
				14BE71281BFEFF7400632AA3 /* ChangeCurrencyUITests.xctest */,
			);
			name = Products;
			sourceTree = "<group>";
		};
		14BE71061BFEFF7300632AA3 /* ChangeCurrency */ = {
			isa = PBXGroup;
			children = (
				14BE710A1BFEFF7300632AA3 /* AppDelegate.h */,
				14BE710B1BFEFF7300632AA3 /* AppDelegate.m */,
				14BE710D1BFEFF7300632AA3 /* ViewController.h */,
				14BE710E1BFEFF7300632AA3 /* ViewController.m */,
				14BE71101BFEFF7300632AA3 /* Main.storyboard */,
				14BE71131BFEFF7400632AA3 /* Assets.xcassets */,
				14BE71151BFEFF7400632AA3 /* LaunchScreen.storyboard */,
				14BE71181BFEFF7400632AA3 /* Info.plist */,
				14BE71071BFEFF7300632AA3 /* Supporting Files */,
				14BE713A1BFF027400632AA3 /* ChangeCurrency.h */,
				14BE713B1BFF027400632AA3 /* ChangeCurrency.m */,
			);
			path = ChangeCurrency;
			sourceTree = "<group>";
		};
		14BE71071BFEFF7300632AA3 /* Supporting Files */ = {
			isa = PBXGroup;
			children = (
				14BE71081BFEFF7300632AA3 /* main.m */,
			);
			name = "Supporting Files";
			sourceTree = "<group>";
		};
		14BE71201BFEFF7400632AA3 /* ChangeCurrencyTests */ = {
			isa = PBXGroup;
			children = (
				14BE71211BFEFF7400632AA3 /* ChangeCurrencyTests.m */,
				14BE71231BFEFF7400632AA3 /* Info.plist */,
			);
			path = ChangeCurrencyTests;
			sourceTree = "<group>";
		};
		14BE712B1BFEFF7400632AA3 /* ChangeCurrencyUITests */ = {
			isa = PBXGroup;
			children = (
				14BE712C1BFEFF7400632AA3 /* ChangeCurrencyUITests.m */,
				14BE712E1BFEFF7400632AA3 /* Info.plist */,
			);
			path = ChangeCurrencyUITests;
			sourceTree = "<group>";
		};
/* End PBXGroup section */

/* Begin PBXNativeTarget section */
		14BE71031BFEFF7300632AA3 /* ChangeCurrency */ = {
			isa = PBXNativeTarget;
			buildConfigurationList = 14BE71311BFEFF7400632AA3 /* Build configuration list for PBXNativeTarget "ChangeCurrency" */;
			buildPhases = (
				14BE71001BFEFF7300632AA3 /* Sources */,
				14BE71011BFEFF7300632AA3 /* Frameworks */,
				14BE71021BFEFF7300632AA3 /* Resources */,
			);
			buildRules = (
			);
			dependencies = (
			);
			name = ChangeCurrency;
			productName = ChangeCurrency;
			productReference = 14BE71041BFEFF7300632AA3 /* ChangeCurrency.app */;
			productType = "com.apple.product-type.application";
		};
		14BE711C1BFEFF7400632AA3 /* ChangeCurrencyTests */ = {
			isa = PBXNativeTarget;
			buildConfigurationList = 14BE71341BFEFF7400632AA3 /* Build configuration list for PBXNativeTarget "ChangeCurrencyTests" */;
			buildPhases = (
				14BE71191BFEFF7400632AA3 /* Sources */,
				14BE711A1BFEFF7400632AA3 /* Frameworks */,
				14BE711B1BFEFF7400632AA3 /* Resources */,
			);
			buildRules = (
			);
			dependencies = (
				14BE711F1BFEFF7400632AA3 /* PBXTargetDependency */,
			);
			name = ChangeCurrencyTests;
			productName = ChangeCurrencyTests;
			productReference = 14BE711D1BFEFF7400632AA3 /* ChangeCurrencyTests.xctest */;
			productType = "com.apple.product-type.bundle.unit-test";
		};
		14BE71271BFEFF7400632AA3 /* ChangeCurrencyUITests */ = {
			isa = PBXNativeTarget;
			buildConfigurationList = 14BE71371BFEFF7400632AA3 /* Build configuration list for PBXNativeTarget "ChangeCurrencyUITests" */;
			buildPhases = (
				14BE71241BFEFF7400632AA3 /* Sources */,
				14BE71251BFEFF7400632AA3 /* Frameworks */,
				14BE71261BFEFF7400632AA3 /* Resources */,
			);
			buildRules = (
			);
			dependencies = (
				14BE712A1BFEFF7400632AA3 /* PBXTargetDependency */,
			);
			name = ChangeCurrencyUITests;
			productName = ChangeCurrencyUITests;
			productReference = 14BE71281BFEFF7400632AA3 /* ChangeCurrencyUITests.xctest */;
			productType = "com.apple.product-type.bundle.ui-testing";
		};
/* End PBXNativeTarget section */

/* Begin PBXProject section */
		14BE70FC1BFEFF7300632AA3 /* Project object */ = {
			isa = PBXProject;
			attributes = {
				LastUpgradeCheck = 0700;
				ORGANIZATIONNAME = hrd;
				TargetAttributes = {
					14BE71031BFEFF7300632AA3 = {
						CreatedOnToolsVersion = 7.0;
					};
					14BE711C1BFEFF7400632AA3 = {
						CreatedOnToolsVersion = 7.0;
						TestTargetID = 14BE71031BFEFF7300632AA3;
					};
					14BE71271BFEFF7400632AA3 = {
						CreatedOnToolsVersion = 7.0;
						TestTargetID = 14BE71031BFEFF7300632AA3;
					};
				};
			};
			buildConfigurationList = 14BE70FF1BFEFF7300632AA3 /* Build configuration list for PBXProject "ChangeCurrency" */;
			compatibilityVersion = "Xcode 3.2";
			developmentRegion = English;
			hasScannedForEncodings = 0;
			knownRegions = (
				en,
				Base,
			);
			mainGroup = 14BE70FB1BFEFF7300632AA3;
			productRefGroup = 14BE71051BFEFF7300632AA3 /* Products */;
			projectDirPath = "";
			projectRoot = "";
			targets = (
				14BE71031BFEFF7300632AA3 /* ChangeCurrency */,
				14BE711C1BFEFF7400632AA3 /* ChangeCurrencyTests */,
				14BE71271BFEFF7400632AA3 /* ChangeCurrencyUITests */,
			);
		};
/* End PBXProject section */

/* Begin PBXResourcesBuildPhase section */
		14BE71021BFEFF7300632AA3 /* Resources */ = {
			isa = PBXResourcesBuildPhase;
			buildActionMask = 2147483647;
			files = (
				14BE71171BFEFF7400632AA3 /* LaunchScreen.storyboard in Resources */,
				14BE71141BFEFF7400632AA3 /* Assets.xcassets in Resources */,
				14BE71121BFEFF7300632AA3 /* Main.storyboard in Resources */,
			);
			runOnlyForDeploymentPostprocessing = 0;
		};
		14BE711B1BFEFF7400632AA3 /* Resources */ = {
			isa = PBXResourcesBuildPhase;
			buildActionMask = 2147483647;
			files = (
			);
			runOnlyForDeploymentPostprocessing = 0;
		};
		14BE71261BFEFF7400632AA3 /* Resources */ = {
			isa = PBXResourcesBuildPhase;
			buildActionMask = 2147483647;
			files = (
			);
			runOnlyForDeploymentPostprocessing = 0;
		};
/* End PBXResourcesBuildPhase section */

/* Begin PBXSourcesBuildPhase section */
		14BE71001BFEFF7300632AA3 /* Sources */ = {
			isa = PBXSourcesBuildPhase;
			buildActionMask = 2147483647;
			files = (
				14BE713C1BFF027400632AA3 /* ChangeCurrency.m in Sources */,
				14BE710F1BFEFF7300632AA3 /* ViewController.m in Sources */,
				14BE710C1BFEFF7300632AA3 /* AppDelegate.m in Sources */,
				14BE71091BFEFF7300632AA3 /* main.m in Sources */,
			);
			runOnlyForDeploymentPostprocessing = 0;
		};
		14BE71191BFEFF7400632AA3 /* Sources */ = {
			isa = PBXSourcesBuildPhase;
			buildActionMask = 2147483647;
			files = (
				14BE71221BFEFF7400632AA3 /* ChangeCurrencyTests.m in Sources */,
			);
			runOnlyForDeploymentPostprocessing = 0;
		};
		14BE71241BFEFF7400632AA3 /* Sources */ = {
			isa = PBXSourcesBuildPhase;
			buildActionMask = 2147483647;
			files = (
				14BE712D1BFEFF7400632AA3 /* ChangeCurrencyUITests.m in Sources */,
			);
			runOnlyForDeploymentPostprocessing = 0;
		};
/* End PBXSourcesBuildPhase section */

/* Begin PBXTargetDependency section */
		14BE711F1BFEFF7400632AA3 /* PBXTargetDependency */ = {
			isa = PBXTargetDependency;
			target = 14BE71031BFEFF7300632AA3 /* ChangeCurrency */;
			targetProxy = 14BE711E1BFEFF7400632AA3 /* PBXContainerItemProxy */;
		};
		14BE712A1BFEFF7400632AA3 /* PBXTargetDependency */ = {
			isa = PBXTargetDependency;
			target = 14BE71031BFEFF7300632AA3 /* ChangeCurrency */;
			targetProxy = 14BE71291BFEFF7400632AA3 /* PBXContainerItemProxy */;
		};
/* End PBXTargetDependency section */

/* Begin PBXVariantGroup section */
		14BE71101BFEFF7300632AA3 /* Main.storyboard */ = {
			isa = PBXVariantGroup;
			children = (
				14BE71111BFEFF7300632AA3 /* Base */,
			);
			name = Main.storyboard;
			sourceTree = "<group>";
		};
		14BE71151BFEFF7400632AA3 /* LaunchScreen.storyboard */ = {
			isa = PBXVariantGroup;
			children = (
				14BE71161BFEFF7400632AA3 /* Base */,
			);
			name = LaunchScreen.storyboard;
			sourceTree = "<group>";
		};
/* End PBXVariantGroup section */

/* Begin XCBuildConfiguration section */
		14BE712F1BFEFF7400632AA3 /* Debug */ = {
			isa = XCBuildConfiguration;
			buildSettings = {
				ALWAYS_SEARCH_USER_PATHS = NO;
				CLANG_CXX_LANGUAGE_STANDARD = "gnu++0x";
				CLANG_CXX_LIBRARY = "libc++";
				CLANG_ENABLE_MODULES = YES;
				CLANG_ENABLE_OBJC_ARC = YES;
				CLANG_WARN_BOOL_CONVERSION = YES;
				CLANG_WARN_CONSTANT_CONVERSION = YES;
				CLANG_WARN_DIRECT_OBJC_ISA_USAGE = YES_ERROR;
				CLANG_WARN_EMPTY_BODY = YES;
				CLANG_WARN_ENUM_CONVERSION = YES;
				CLANG_WARN_INT_CONVERSION = YES;
				CLANG_WARN_OBJC_ROOT_CLASS = YES_ERROR;
				CLANG_WARN_UNREACHABLE_CODE = YES;
				CLANG_WARN__DUPLICATE_METHOD_MATCH = YES;
				"CODE_SIGN_IDENTITY[sdk=iphoneos*]" = "iPhone Developer";
				COPY_PHASE_STRIP = NO;
				DEBUG_INFORMATION_FORMAT = dwarf;
				ENABLE_STRICT_OBJC_MSGSEND = YES;
				ENABLE_TESTABILITY = YES;
				GCC_C_LANGUAGE_STANDARD = gnu99;
				GCC_DYNAMIC_NO_PIC = NO;
				GCC_NO_COMMON_BLOCKS = YES;
				GCC_OPTIMIZATION_LEVEL = 0;
				GCC_PREPROCESSOR_DEFINITIONS = (
					"DEBUG=1",
					"$(inherited)",
				);
				GCC_WARN_64_TO_32_BIT_CONVERSION = YES;
				GCC_WARN_ABOUT_RETURN_TYPE = YES_ERROR;
				GCC_WARN_UNDECLARED_SELECTOR = YES;
				GCC_WARN_UNINITIALIZED_AUTOS = YES_AGGRESSIVE;
				GCC_WARN_UNUSED_FUNCTION = YES;
				GCC_WARN_UNUSED_VARIABLE = YES;
				IPHONEOS_DEPLOYMENT_TARGET = 9.0;
				MTL_ENABLE_DEBUG_INFO = YES;
				ONLY_ACTIVE_ARCH = YES;
				SDKROOT = iphoneos;
			};
			name = Debug;
		};
		14BE71301BFEFF7400632AA3 /* Release */ = {
			isa = XCBuildConfiguration;
			buildSettings = {
				ALWAYS_SEARCH_USER_PATHS = NO;
				CLANG_CXX_LANGUAGE_STANDARD = "gnu++0x";
				CLANG_CXX_LIBRARY = "libc++";
				CLANG_ENABLE_MODULES = YES;
				CLANG_ENABLE_OBJC_ARC = YES;
				CLANG_WARN_BOOL_CONVERSION = YES;
				CLANG_WARN_CONSTANT_CONVERSION = YES;
				CLANG_WARN_DIRECT_OBJC_ISA_USAGE = YES_ERROR;
				CLANG_WARN_EMPTY_BODY = YES;
				CLANG_WARN_ENUM_CONVERSION = YES;
				CLANG_WARN_INT_CONVERSION = YES;
				CLANG_WARN_OBJC_ROOT_CLASS = YES_ERROR;
				CLANG_WARN_UNREACHABLE_CODE = YES;
				CLANG_WARN__DUPLICATE_METHOD_MATCH = YES;
				"CODE_SIGN_IDENTITY[sdk=iphoneos*]" = "iPhone Developer";
				COPY_PHASE_STRIP = NO;
				DEBUG_INFORMATION_FORMAT = "dwarf-with-dsym";
				ENABLE_NS_ASSERTIONS = NO;
				ENABLE_STRICT_OBJC_MSGSEND = YES;
				GCC_C_LANGUAGE_STANDARD = gnu99;
				GCC_NO_COMMON_BLOCKS = YES;
				GCC_WARN_64_TO_32_BIT_CONVERSION = YES;
				GCC_WARN_ABOUT_RETURN_TYPE = YES_ERROR;
				GCC_WARN_UNDECLARED_SELECTOR = YES;
				GCC_WARN_UNINITIALIZED_AUTOS = YES_AGGRESSIVE;
				GCC_WARN_UNUSED_FUNCTION = YES;
				GCC_WARN_UNUSED_VARIABLE = YES;
				IPHONEOS_DEPLOYMENT_TARGET = 9.0;
				MTL_ENABLE_DEBUG_INFO = NO;
				SDKROOT = iphoneos;
				VALIDATE_PRODUCT = YES;
			};
			name = Release;
		};
		14BE71321BFEFF7400632AA3 /* Debug */ = {
			isa = XCBuildConfiguration;
			buildSettings = {
				ASSETCATALOG_COMPILER_APPICON_NAME = AppIcon;
				INFOPLIST_FILE = ChangeCurrency/Info.plist;
				LD_RUNPATH_SEARCH_PATHS = "$(inherited) @executable_path/Frameworks";
				PRODUCT_BUNDLE_IDENTIFIER = com.hrd.ChangeCurrency;
				PRODUCT_NAME = "$(TARGET_NAME)";
			};
			name = Debug;
		};
		14BE71331BFEFF7400632AA3 /* Release */ = {
			isa = XCBuildConfiguration;
			buildSettings = {
				ASSETCATALOG_COMPILER_APPICON_NAME = AppIcon;
				INFOPLIST_FILE = ChangeCurrency/Info.plist;
				LD_RUNPATH_SEARCH_PATHS = "$(inherited) @executable_path/Frameworks";
				PRODUCT_BUNDLE_IDENTIFIER = com.hrd.ChangeCurrency;
				PRODUCT_NAME = "$(TARGET_NAME)";
			};
			name = Release;
		};
		14BE71351BFEFF7400632AA3 /* Debug */ = {
			isa = XCBuildConfiguration;
			buildSettings = {
				BUNDLE_LOADER = "$(TEST_HOST)";
				INFOPLIST_FILE = ChangeCurrencyTests/Info.plist;
				LD_RUNPATH_SEARCH_PATHS = "$(inherited) @executable_path/Frameworks @loader_path/Frameworks";
				PRODUCT_BUNDLE_IDENTIFIER = com.hrd.ChangeCurrencyTests;
				PRODUCT_NAME = "$(TARGET_NAME)";
				TEST_HOST = "$(BUILT_PRODUCTS_DIR)/ChangeCurrency.app/ChangeCurrency";
			};
			name = Debug;
		};
		14BE71361BFEFF7400632AA3 /* Release */ = {
			isa = XCBuildConfiguration;
			buildSettings = {
				BUNDLE_LOADER = "$(TEST_HOST)";
				INFOPLIST_FILE = ChangeCurrencyTests/Info.plist;
				LD_RUNPATH_SEARCH_PATHS = "$(inherited) @executable_path/Frameworks @loader_path/Frameworks";
				PRODUCT_BUNDLE_IDENTIFIER = com.hrd.ChangeCurrencyTests;
				PRODUCT_NAME = "$(TARGET_NAME)";
				TEST_HOST = "$(BUILT_PRODUCTS_DIR)/ChangeCurrency.app/ChangeCurrency";
			};
			name = Release;
		};
		14BE71381BFEFF7400632AA3 /* Debug */ = {
			isa = XCBuildConfiguration;
			buildSettings = {
				INFOPLIST_FILE = ChangeCurrencyUITests/Info.plist;
				LD_RUNPATH_SEARCH_PATHS = "$(inherited) @executable_path/Frameworks @loader_path/Frameworks";
				PRODUCT_BUNDLE_IDENTIFIER = com.hrd.ChangeCurrencyUITests;
				PRODUCT_NAME = "$(TARGET_NAME)";
				TEST_TARGET_NAME = ChangeCurrency;
				USES_XCTRUNNER = YES;
			};
			name = Debug;
		};
		14BE71391BFEFF7400632AA3 /* Release */ = {
			isa = XCBuildConfiguration;
			buildSettings = {
				INFOPLIST_FILE = ChangeCurrencyUITests/Info.plist;
				LD_RUNPATH_SEARCH_PATHS = "$(inherited) @executable_path/Frameworks @loader_path/Frameworks";
				PRODUCT_BUNDLE_IDENTIFIER = com.hrd.ChangeCurrencyUITests;
				PRODUCT_NAME = "$(TARGET_NAME)";
				TEST_TARGET_NAME = ChangeCurrency;
				USES_XCTRUNNER = YES;
			};
			name = Release;
		};
/* End XCBuildConfiguration section */

/* Begin XCConfigurationList section */
		14BE70FF1BFEFF7300632AA3 /* Build configuration list for PBXProject "ChangeCurrency" */ = {
			isa = XCConfigurationList;
			buildConfigurations = (
				14BE712F1BFEFF7400632AA3 /* Debug */,
				14BE71301BFEFF7400632AA3 /* Release */,
			);
			defaultConfigurationIsVisible = 0;
			defaultConfigurationName = Release;
		};
		14BE71311BFEFF7400632AA3 /* Build configuration list for PBXNativeTarget "ChangeCurrency" */ = {
			isa = XCConfigurationList;
			buildConfigurations = (
				14BE71321BFEFF7400632AA3 /* Debug */,
				14BE71331BFEFF7400632AA3 /* Release */,
			);
			defaultConfigurationIsVisible = 0;
		};
		14BE71341BFEFF7400632AA3 /* Build configuration list for PBXNativeTarget "ChangeCurrencyTests" */ = {
			isa = XCConfigurationList;
			buildConfigurations = (
				14BE71351BFEFF7400632AA3 /* Debug */,
				14BE71361BFEFF7400632AA3 /* Release */,
			);
			defaultConfigurationIsVisible = 0;
		};
		14BE71371BFEFF7400632AA3 /* Build configuration list for PBXNativeTarget "ChangeCurrencyUITests" */ = {
			isa = XCConfigurationList;
			buildConfigurations = (
				14BE71381BFEFF7400632AA3 /* Debug */,
				14BE71391BFEFF7400632AA3 /* Release */,
			);
			defaultConfigurationIsVisible = 0;
		};
/* End XCConfigurationList section */
	};
	rootObject = 14BE70FC1BFEFF7300632AA3 /* Project object */;
}
